
Microsoft Visual Studio Solution File, Format Version 12.00
# Visual Studio 15
VisualStudioVersion = 15.0.28307.106
MinimumVisualStudioVersion = 10.0.40219.1
Project("{FAE04EC0-301F-11D3-BF4B-00C04F79EFBC}") = "WFRegresionLineal", "WFRegresionLineal\WFRegresionLineal.csproj", "{F623D660-2211-4A4B-AD53-D2EE4D395DEE}"
EndProject
Project("{FAE04EC0-301F-11D3-BF4B-00C04F79EFBC}") = "BusinessEntities", "BusinessEntities\BusinessEntities.csproj", "{BC2F8AC9-9776-4E0E-86C8-E715E29F74E9}"
EndProject
Global
	GlobalSection(SolutionConfigurationPlatforms) = preSolution
		Debug|Any CPU = Debug|Any CPU
		Release|Any CPU = Release|Any CPU
	EndGlobalSection
	GlobalSection(ProjectConfigurationPlatforms) = postSolution
		{F623D660-2211-4A4B-AD53-D2EE4D395DEE}.Debug|Any CPU.ActiveCfg = Debug|Any CPU
		{F623D660-2211-4A4B-AD53-D2EE4D395DEE}.Debug|Any CPU.Build.0 = Debug|Any CPU
		{F623D660-2211-4A4B-AD53-D2EE4D395DEE}.Release|Any CPU.ActiveCfg = Release|Any CPU
		{F623D660-2211-4A4B-AD53-D2EE4D395DEE}.Release|Any CPU.Build.0 = Release|Any CPU
		{BC2F8AC9-9776-4E0E-86C8-E715E29F74E9}.Debug|Any CPU.ActiveCfg = Debug|Any CPU
		{BC2F8AC9-9776-4E0E-86C8-E715E29F74E9}.Debug|Any CPU.Build.0 = Debug|Any CPU
		{BC2F8AC9-9776-4E0E-86C8-E715E29F74E9}.Release|Any CPU.ActiveCfg = Release|Any CPU
		{BC2F8AC9-9776-4E0E-86C8-E715E29F74E9}.Release|Any CPU.Build.0 = Release|Any CPU
	EndGlobalSection
	GlobalSection(SolutionProperties) = preSolution
		HideSolutionNode = FALSE
	EndGlobalSection
	GlobalSection(ExtensibilityGlobals) = postSolution
		SolutionGuid = {C8B09582-8300-4301-A0BD-FDE67BB341C9}
	EndGlobalSection
EndGlobal
